{
    "_meta": {
        "hash": {
            "sha256": "4e499b175093780e7ed823658cb7f04acdb040bfe60eeb9b1f9ba4819c9dcea5"
        },
        "pipfile-spec": 6,
        "requires": {},
        "sources": [
            {
                "name": "pypi",
                "url": "https://pypi.org/simple",
                "verify_ssl": true
            }
        ]
    },
    "default": {
        "appdirs": {
            "hashes": [
                "sha256:7d5d0167b2b1ba821647616af46a749d1c653740dd0d2415100fe26e27afdf41",
                "sha256:a841dacd6b99318a741b166adb07e19ee71a274450e68237b4650ca1055ab128"
            ],
            "version": "==1.4.4"
        },
        "astor": {
            "hashes": [
                "sha256:070a54e890cefb5b3739d19f30f5a5ec840ffc9c50ffa7d23cc9fc1a38ebbfc5",
                "sha256:6a6effda93f4e1ce9f618779b2dd1d9d84f1e32812c23a29b3fff6fd7f63fa5e"
            ],
            "version": "==0.8.1"
        },
        "colorama": {
            "hashes": [
                "sha256:5941b2b48a20143d2267e95b1c2a7603ce057ee39fd88e7329b0c292aa16869b",
                "sha256:9f47eda37229f68eee03b24b9748937c7dc3868f906e8ba69fbcbdd3bc5dc3e2"
            ],
            "version": "==0.4.4"
        },
        "funcparserlib": {
            "hashes": [
                "sha256:b7992eac1a3eb97b3d91faa342bfda0729e990bd8a43774c1592c091e563c91d"
            ],
            "version": "==0.3.6"
        },
        "hy": {
            "hashes": [
                "sha256:3a5a1d76ddeb2f1d5de71ad1b1167799850db955b5eb0258e351fb182b2e6016",
                "sha256:d2ed54995f05518c8038d06d916cb960e9e56050c4c4426cb11d0ed9650ab2e2"
            ],
            "index": "pypi",
            "version": "==0.19.0"
        },
        "parsy": {
            "hashes": [
                "sha256:bea54186c3da470944dafe2314b57ac53d0dc2b0a168dc32f644b1b93dc6ca64",
                "sha256:bfc941ea5a69e6ac16bd4f7d9f807bbc17e35edd8b95bcd2499a25b059359012"
            ],
            "index": "pypi",
            "version": "==1.3.0"
        },
        "rply": {
            "hashes": [
                "sha256:2c8083bf2853642a0e24de9a9db3ce2d25b3153037a7298d2ff9434413744e33",
                "sha256:4d6d25703efd28fb3d5707f7b3bd4fe66c306159a5c25af10ba26d206a66d00d"
            ],
            "version": "==0.7.7"
        }
    },
    "develop": {}
}
